
Microsoft Visual Studio Solution File, Format Version 12.00
# Visual Studio Version 16
VisualStudioVersion = 16.0.31005.135
MinimumVisualStudioVersion = 10.0.40219.1
Project("{FAE04EC0-301F-11D3-BF4B-00C04F79EFBC}") = "ClassTemplates", "ClassTemplates\ClassTemplates.csproj", "{01D78605-D504-4209-8F05-7DA7237B18EA}"
EndProject
Global
	GlobalSection(SolutionConfigurationPlatforms) = preSolution
		Debug|Any CPU = Debug|Any CPU
		Release|Any CPU = Release|Any CPU
	EndGlobalSection
	GlobalSection(ProjectConfigurationPlatforms) = postSolution
		{01D78605-D504-4209-8F05-7DA7237B18EA}.Debug|Any CPU.ActiveCfg = Debug|Any CPU
		{01D78605-D504-4209-8F05-7DA7237B18EA}.Debug|Any CPU.Build.0 = Debug|Any CPU
		{01D78605-D504-4209-8F05-7DA7237B18EA}.Release|Any CPU.ActiveCfg = Release|Any CPU
		{01D78605-D504-4209-8F05-7DA7237B18EA}.Release|Any CPU.Build.0 = Release|Any CPU
	EndGlobalSection
	GlobalSection(SolutionProperties) = preSolution
		HideSolutionNode = FALSE
	EndGlobalSection
	GlobalSection(ExtensibilityGlobals) = postSolution
		SolutionGuid = {A48FF47C-D42C-43AD-959B-1020FC58401E}
	EndGlobalSection
EndGlobal
